
Microsoft Visual Studio Solution File, Format Version 12.00
# Visual Studio Version 16
VisualStudioVersion = 16.0.32602.290
MinimumVisualStudioVersion = 10.0.40219.1
Project("{FAE04EC0-301F-11D3-BF4B-00C04F79EFBC}") = "T2-ej5", "T2-ej5.csproj", "{01F9F192-4E38-4915-B1DE-3D7DE6565B16}"
EndProject
Global
	GlobalSection(SolutionConfigurationPlatforms) = preSolution
		Debug|Any CPU = Debug|Any CPU
		Release|Any CPU = Release|Any CPU
	EndGlobalSection
	GlobalSection(ProjectConfigurationPlatforms) = postSolution
		{01F9F192-4E38-4915-B1DE-3D7DE6565B16}.Debug|Any CPU.ActiveCfg = Debug|Any CPU
		{01F9F192-4E38-4915-B1DE-3D7DE6565B16}.Debug|Any CPU.Build.0 = Debug|Any CPU
		{01F9F192-4E38-4915-B1DE-3D7DE6565B16}.Release|Any CPU.ActiveCfg = Release|Any CPU
		{01F9F192-4E38-4915-B1DE-3D7DE6565B16}.Release|Any CPU.Build.0 = Release|Any CPU
	EndGlobalSection
	GlobalSection(SolutionProperties) = preSolution
		HideSolutionNode = FALSE
	EndGlobalSection
	GlobalSection(ExtensibilityGlobals) = postSolution
		SolutionGuid = {6BB28072-F0A4-43B6-9D43-128754E40998}
	EndGlobalSection
EndGlobal
